
Microsoft Visual Studio Solution File, Format Version 12.00
# Visual Studio Version 17
VisualStudioVersion = 17.13.35931.197 d17.13
MinimumVisualStudioVersion = 10.0.40219.1
Project("{FAE04EC0-301F-11D3-BF4B-00C04F79EFBC}") = "Metamorfismo", "Metamorfismo\Metamorfismo.csproj", "{528256E4-7A11-400A-BB1B-C44E80231065}"
EndProject
Global
	GlobalSection(SolutionConfigurationPlatforms) = preSolution
		Debug|Any CPU = Debug|Any CPU
		Release|Any CPU = Release|Any CPU
	EndGlobalSection
	GlobalSection(ProjectConfigurationPlatforms) = postSolution
		{528256E4-7A11-400A-BB1B-C44E80231065}.Debug|Any CPU.ActiveCfg = Debug|Any CPU
		{528256E4-7A11-400A-BB1B-C44E80231065}.Debug|Any CPU.Build.0 = Debug|Any CPU
		{528256E4-7A11-400A-BB1B-C44E80231065}.Release|Any CPU.ActiveCfg = Release|Any CPU
		{528256E4-7A11-400A-BB1B-C44E80231065}.Release|Any CPU.Build.0 = Release|Any CPU
	EndGlobalSection
	GlobalSection(SolutionProperties) = preSolution
		HideSolutionNode = FALSE
	EndGlobalSection
	GlobalSection(ExtensibilityGlobals) = postSolution
		SolutionGuid = {47D128C1-27AF-4322-81F0-416E44DDCE5D}
	EndGlobalSection
EndGlobal
